
Microsoft Visual Studio Solution File, Format Version 12.00
# Visual Studio Version 16
VisualStudioVersion = 16.0.30621.155
MinimumVisualStudioVersion = 10.0.40219.1
Project("{FAE04EC0-301F-11D3-BF4B-00C04F79EFBC}") = "SuperForms", "SuperForms.csproj", "{D34436A7-DF80-42A0-9481-AE41D984EEB6}"
EndProject
Project("{FAE04EC0-301F-11D3-BF4B-00C04F79EFBC}") = "MyDll", "..\MyDll\MyDll.csproj", "{5D94415C-AEDD-4DF6-B43A-684A8141194A}"
EndProject
Global
	GlobalSection(SolutionConfigurationPlatforms) = preSolution
		Debug|Any CPU = Debug|Any CPU
		Release|Any CPU = Release|Any CPU
	EndGlobalSection
	GlobalSection(ProjectConfigurationPlatforms) = postSolution
		{D34436A7-DF80-42A0-9481-AE41D984EEB6}.Debug|Any CPU.ActiveCfg = Debug|Any CPU
		{D34436A7-DF80-42A0-9481-AE41D984EEB6}.Debug|Any CPU.Build.0 = Debug|Any CPU
		{D34436A7-DF80-42A0-9481-AE41D984EEB6}.Release|Any CPU.ActiveCfg = Release|Any CPU
		{D34436A7-DF80-42A0-9481-AE41D984EEB6}.Release|Any CPU.Build.0 = Release|Any CPU
		{5D94415C-AEDD-4DF6-B43A-684A8141194A}.Debug|Any CPU.ActiveCfg = Debug|Any CPU
		{5D94415C-AEDD-4DF6-B43A-684A8141194A}.Debug|Any CPU.Build.0 = Debug|Any CPU
		{5D94415C-AEDD-4DF6-B43A-684A8141194A}.Release|Any CPU.ActiveCfg = Release|Any CPU
		{5D94415C-AEDD-4DF6-B43A-684A8141194A}.Release|Any CPU.Build.0 = Release|Any CPU
	EndGlobalSection
	GlobalSection(SolutionProperties) = preSolution
		HideSolutionNode = FALSE
	EndGlobalSection
	GlobalSection(ExtensibilityGlobals) = postSolution
		SolutionGuid = {49AE8873-AD6E-45A8-BC38-7BD1F80DFB41}
	EndGlobalSection
EndGlobal
